{
  "name": "gmgmgm",
  "version": "1.0.0",
  "lockfileVersion": 3,
  "requires": true,
  "packages": {
    "": {
      "name": "gmgmgm",
      "version": "1.0.0",
      "license": "ISC",
      "dependencies": {
        "luxon": "^3.5.0",
        "markdown-it-link-attributes": "^4.0.1"
      }
    },
    "node_modules/luxon": {
      "version": "3.5.0",
      "resolved": "https://registry.npmjs.org/luxon/-/luxon-3.5.0.tgz",
      "integrity": "sha512-rh+Zjr6DNfUYR3bPwJEnuwDdqMbxZW7LOQfUN4B54+Cl+0o5zaU9RJ6bcidfDtC1cWCZXQ+nvX8bf6bAji37QQ==",
      "license": "MIT",
      "engines": {
        "node": ">=12"
      }
    },
    "node_modules/markdown-it-link-attributes": {
      "version": "4.0.1",
      "resolved": "https://registry.npmjs.org/markdown-it-link-attributes/-/markdown-it-link-attributes-4.0.1.tgz",
      "integrity": "sha512-pg5OK0jPLg62H4k7M9mRJLT61gUp9nvG0XveKYHMOOluASo9OEF13WlXrpAp2aj35LbedAy3QOCgQCw0tkLKAQ==",
      "license": "MIT"
    }
  }
}
